{
  "nodes": {
    "disko": {
      "inputs": {
        "nixpkgs": [
          "nixpkgs"
        ]
      },
      "locked": {
        "lastModified": 1781152676,
        "narHash": "sha256-RxWs5ND31KzTG7wvMM+PMfUjyNpmIEr999lqNARaM5o=",
        "rev": "ff8702b4de27f72b4c78573dfb89ec74e36abdf1",
        "type": "tarball",
        "url": "https://git.i-h.no/api/v1/repos/Sherex/disko/archive/ff8702b4de27f72b4c78573dfb89ec74e36abdf1.tar.gz"
      },
      "original": {
        "type": "tarball",
        "url": "https://git.i-h.no/sherex/disko/archive/master.tar.gz"
      }
    },
    "home-manager": {
      "inputs": {
        "nixpkgs": [
          "nixpkgs"
        ]
      },
      "locked": {
        "lastModified": 1787176219,
        "narHash": "sha256-djoRr6jBpe35q/0JwAvXpFXg1Ktf+X54NU2RLR7wnHw=",
        "rev": "c53d643b3737e2fcd04e6cb3b3580ef50b2087a0",
        "type": "tarball",
        "url": "https://git.i-h.no/api/v1/repos/Sherex/home-manager/archive/c53d643b3737e2fcd04e6cb3b3580ef50b2087a0.tar.gz"
      },
      "original": {
        "type": "tarball",
        "url": "https://git.i-h.no/sherex/home-manager/archive/master.tar.gz"
      }
    },
    "home-manager_2": {
      "inputs": {
        "nixpkgs": [
          "impermanence",
          "nixpkgs"
        ]
      },
      "locked": {
        "lastModified": 1768598210,
        "narHash": "sha256-kkgA32s/f4jaa4UG+2f8C225Qvclxnqs76mf8zvTVPg=",
        "owner": "nix-community",
        "repo": "home-manager",
        "rev": "c47b2cc64a629f8e075de52e4742de688f930dc6",
        "type": "github"
      },
      "original": {
        "owner": "nix-community",
        "repo": "home-manager",
        "type": "github"
      }
    },
    "impermanence": {
      "inputs": {
        "home-manager": "home-manager_2",
        "nixpkgs": "nixpkgs"
      },
      "locked": {
        "lastModified": 1769548169,
        "narHash": "sha256-03+JxvzmfwRu+5JafM0DLbxgHttOQZkUtDWBmeUkN8Y=",
        "rev": "7b1d382faf603b6d264f58627330f9faa5cba149",
        "type": "tarball",
        "url": "https://git.i-h.no/api/v1/repos/Sherex/impermanence/archive/7b1d382faf603b6d264f58627330f9faa5cba149.tar.gz"
      },
      "original": {
        "type": "tarball",
        "url": "https://git.i-h.no/sherex/impermanence/archive/master.tar.gz"
      }
    },
    "nixpkgs": {
      "locked": {
        "lastModified": 1768564909,
        "narHash": "sha256-Kell/SpJYVkHWMvnhqJz/8DqQg2b6PguxVWOuadbHCc=",
        "owner": "nixos",
        "repo": "nixpkgs",
        "rev": "e4bae1bd10c9c57b2cf517953ab70060a828ee6f",
        "type": "github"
      },
      "original": {
        "owner": "nixos",
        "ref": "nixos-unstable",
        "repo": "nixpkgs",
        "type": "github"
      }
    },
    "nixpkgs-stable": {
      "locked": {
        "lastModified": 1767313136,
        "narHash": "sha256-16KkgfdYqjaeRGBaYsNrhPRRENs0qzkQVUooNHtoy2w=",
        "rev": "ac62194c3917d5f474c1a844b6fd6da2db95077d",
        "type": "tarball",
        "url": "https://git.i-h.no/api/v1/repos/Sherex/nixpkgs/archive/ac62194c3917d5f474c1a844b6fd6da2db95077d.tar.gz"
      },
      "original": {
        "type": "tarball",
        "url": "https://git.i-h.no/sherex/nixpkgs/archive/nixos-25.05.tar.gz"
      }
    },
    "nixpkgs_2": {
      "locked": {
        "lastModified": 1787135253,
        "narHash": "sha256-RD2kNWCG+Bjo6h+JVjWVNntZs2GtRoeY2xHjts/FNkA=",
        "rev": "ffb3c9b700e759be2ef13237c9d8f953b32a1e46",
        "type": "tarball",
        "url": "https://git.i-h.no/api/v1/repos/Sherex/nixpkgs/archive/ffb3c9b700e759be2ef13237c9d8f953b32a1e46.tar.gz"
      },
      "original": {
        "type": "tarball",
        "url": "https://git.i-h.no/sherex/nixpkgs/archive/nixos-unstable.tar.gz"
      }
    },
    "root": {
      "inputs": {
        "disko": "disko",
        "home-manager": "home-manager",
        "impermanence": "impermanence",
        "nixpkgs": "nixpkgs_2",
        "nixpkgs-stable": "nixpkgs-stable",
        "sops-nix": "sops-nix"
      }
    },
    "sops-nix": {
      "inputs": {
        "nixpkgs": [
          "nixpkgs"
        ]
      },
      "locked": {
        "lastModified": 1786629091,
        "narHash": "sha256-gkig4nPi1CWc4Z50GBsjE4ygSE7hMpl/TwID2an2Cck=",
        "rev": "a8627b21b9107c5711c96b84f32a9a4b3d45295f",
        "type": "tarball",
        "url": "https://git.i-h.no/api/v1/repos/Sherex/sops-nix/archive/a8627b21b9107c5711c96b84f32a9a4b3d45295f.tar.gz"
      },
      "original": {
        "type": "tarball",
        "url": "https://git.i-h.no/sherex/sops-nix/archive/master.tar.gz"
      }
    }
  },
  "root": "root",
  "version": 7
}
