{
  "nodes": {
    "disko": {
      "inputs": {
        "nixpkgs": [
          "nixpkgs"
        ]
      },
      "locked": {
        "lastModified": 1781152676,
        "narHash": "sha256-RxWs5ND31KzTG7wvMM+PMfUjyNpmIEr999lqNARaM5o=",
        "rev": "ff8702b4de27f72b4c78573dfb89ec74e36abdf1",
        "type": "tarball",
        "url": "https://git.i-h.no/api/v1/repos/Sherex/disko/archive/ff8702b4de27f72b4c78573dfb89ec74e36abdf1.tar.gz"
      },
      "original": {
        "type": "tarball",
        "url": "https://git.i-h.no/sherex/disko/archive/master.tar.gz"
      }
    },
    "home-manager": {
      "inputs": {
        "nixpkgs": [
          "nixpkgs"
        ]
      },
      "locked": {
        "lastModified": 1789150619,
        "narHash": "sha256-Vsgv5atXkGWOOdLOL8oQLnZSGt1h140synPfFdwbyjU=",
        "rev": "e4345d5ae8aa1def34378d2a60ac5e6e4c8fd7c1",
        "type": "tarball",
        "url": "https://git.i-h.no/api/v1/repos/Sherex/home-manager/archive/e4345d5ae8aa1def34378d2a60ac5e6e4c8fd7c1.tar.gz"
      },
      "original": {
        "type": "tarball",
        "url": "https://git.i-h.no/sherex/home-manager/archive/master.tar.gz"
      }
    },
    "home-manager_2": {
      "inputs": {
        "nixpkgs": [
          "impermanence",
          "nixpkgs"
        ]
      },
      "locked": {
        "lastModified": 1768598210,
        "narHash": "sha256-kkgA32s/f4jaa4UG+2f8C225Qvclxnqs76mf8zvTVPg=",
        "owner": "nix-community",
        "repo": "home-manager",
        "rev": "c47b2cc64a629f8e075de52e4742de688f930dc6",
        "type": "github"
      },
      "original": {
        "owner": "nix-community",
        "repo": "home-manager",
        "type": "github"
      }
    },
    "impermanence": {
      "inputs": {
        "home-manager": "home-manager_2",
        "nixpkgs": "nixpkgs"
      },
      "locked": {
        "lastModified": 1769548169,
        "narHash": "sha256-03+JxvzmfwRu+5JafM0DLbxgHttOQZkUtDWBmeUkN8Y=",
        "rev": "7b1d382faf603b6d264f58627330f9faa5cba149",
        "type": "tarball",
        "url": "https://git.i-h.no/api/v1/repos/Sherex/impermanence/archive/7b1d382faf603b6d264f58627330f9faa5cba149.tar.gz"
      },
      "original": {
        "type": "tarball",
        "url": "https://git.i-h.no/sherex/impermanence/archive/master.tar.gz"
      }
    },
    "nixpkgs": {
      "locked": {
        "lastModified": 1768564909,
        "narHash": "sha256-Kell/SpJYVkHWMvnhqJz/8DqQg2b6PguxVWOuadbHCc=",
        "owner": "nixos",
        "repo": "nixpkgs",
        "rev": "e4bae1bd10c9c57b2cf517953ab70060a828ee6f",
        "type": "github"
      },
      "original": {
        "owner": "nixos",
        "ref": "nixos-unstable",
        "repo": "nixpkgs",
        "type": "github"
      }
    },
    "nixpkgs-stable": {
      "locked": {
        "lastModified": 1767313136,
        "narHash": "sha256-16KkgfdYqjaeRGBaYsNrhPRRENs0qzkQVUooNHtoy2w=",
        "rev": "ac62194c3917d5f474c1a844b6fd6da2db95077d",
        "type": "tarball",
        "url": "https://git.i-h.no/api/v1/repos/Sherex/nixpkgs/archive/ac62194c3917d5f474c1a844b6fd6da2db95077d.tar.gz"
      },
      "original": {
        "type": "tarball",
        "url": "https://git.i-h.no/sherex/nixpkgs/archive/nixos-25.05.tar.gz"
      }
    },
    "nixpkgs_2": {
      "locked": {
        "lastModified": 1789006805,
        "narHash": "sha256-xB8mKMOx1IA9vTDNLmJZ6n4wCMq/cuWBBOzGCRnqxrU=",
        "rev": "8ce4ef6cb6f871616146b9fe26d2a5ae594e94fe",
        "type": "tarball",
        "url": "https://git.i-h.no/api/v1/repos/Sherex/nixpkgs/archive/8ce4ef6cb6f871616146b9fe26d2a5ae594e94fe.tar.gz"
      },
      "original": {
        "type": "tarball",
        "url": "https://git.i-h.no/sherex/nixpkgs/archive/nixos-unstable.tar.gz"
      }
    },
    "root": {
      "inputs": {
        "disko": "disko",
        "home-manager": "home-manager",
        "impermanence": "impermanence",
        "nixpkgs": "nixpkgs_2",
        "nixpkgs-stable": "nixpkgs-stable",
        "sops-nix": "sops-nix"
      }
    },
    "sops-nix": {
      "inputs": {
        "nixpkgs": [
          "nixpkgs"
        ]
      },
      "locked": {
        "lastModified": 1788914643,
        "narHash": "sha256-4GuMPW90JSxXWDPUB9M+1m7fYbe3H0apOd86/zBQ2Kw=",
        "rev": "13616fff713a9f94055c66f15687ebdc17a335df",
        "type": "tarball",
        "url": "https://git.i-h.no/api/v1/repos/Sherex/sops-nix/archive/13616fff713a9f94055c66f15687ebdc17a335df.tar.gz"
      },
      "original": {
        "type": "tarball",
        "url": "https://git.i-h.no/sherex/sops-nix/archive/master.tar.gz"
      }
    }
  },
  "root": "root",
  "version": 7
}
